
Microsoft Visual Studio Solution File, Format Version 12.00
# Visual Studio 15
VisualStudioVersion = 15.0.28010.2041
MinimumVisualStudioVersion = 10.0.40219.1
Project("{FAE04EC0-301F-11D3-BF4B-00C04F79EFBC}") = "Exercise8SEDC", "Exercise8SEDC\Exercise8SEDC.csproj", "{6D584046-9B88-4BE6-AEE3-641B18DB2388}"
EndProject
Project("{FAE04EC0-301F-11D3-BF4B-00C04F79EFBC}") = "Vezba1", "Vezba1\Vezba1.csproj", "{D1F87CC2-0350-4D7A-8646-93E57E4C9ADB}"
EndProject
Project("{FAE04EC0-301F-11D3-BF4B-00C04F79EFBC}") = "Songs", "Songs\Songs.csproj", "{FA68C246-506E-4C59-82EF-0259389412A9}"
EndProject
Global
	GlobalSection(SolutionConfigurationPlatforms) = preSolution
		Debug|Any CPU = Debug|Any CPU
		Release|Any CPU = Release|Any CPU
	EndGlobalSection
	GlobalSection(ProjectConfigurationPlatforms) = postSolution
		{6D584046-9B88-4BE6-AEE3-641B18DB2388}.Debug|Any CPU.ActiveCfg = Debug|Any CPU
		{6D584046-9B88-4BE6-AEE3-641B18DB2388}.Debug|Any CPU.Build.0 = Debug|Any CPU
		{6D584046-9B88-4BE6-AEE3-641B18DB2388}.Release|Any CPU.ActiveCfg = Release|Any CPU
		{6D584046-9B88-4BE6-AEE3-641B18DB2388}.Release|Any CPU.Build.0 = Release|Any CPU
		{D1F87CC2-0350-4D7A-8646-93E57E4C9ADB}.Debug|Any CPU.ActiveCfg = Debug|Any CPU
		{D1F87CC2-0350-4D7A-8646-93E57E4C9ADB}.Debug|Any CPU.Build.0 = Debug|Any CPU
		{D1F87CC2-0350-4D7A-8646-93E57E4C9ADB}.Release|Any CPU.ActiveCfg = Release|Any CPU
		{D1F87CC2-0350-4D7A-8646-93E57E4C9ADB}.Release|Any CPU.Build.0 = Release|Any CPU
		{FA68C246-506E-4C59-82EF-0259389412A9}.Debug|Any CPU.ActiveCfg = Debug|Any CPU
		{FA68C246-506E-4C59-82EF-0259389412A9}.Debug|Any CPU.Build.0 = Debug|Any CPU
		{FA68C246-506E-4C59-82EF-0259389412A9}.Release|Any CPU.ActiveCfg = Release|Any CPU
		{FA68C246-506E-4C59-82EF-0259389412A9}.Release|Any CPU.Build.0 = Release|Any CPU
	EndGlobalSection
	GlobalSection(SolutionProperties) = preSolution
		HideSolutionNode = FALSE
	EndGlobalSection
	GlobalSection(ExtensibilityGlobals) = postSolution
		SolutionGuid = {55B102D7-18AB-449F-A162-4AF25891DF5F}
	EndGlobalSection
EndGlobal
