
Microsoft Visual Studio Solution File, Format Version 12.00
# Visual Studio 15
VisualStudioVersion = 15.0.28010.2041
MinimumVisualStudioVersion = 10.0.40219.1
Project("{FAE04EC0-301F-11D3-BF4B-00C04F79EFBC}") = "Exercise Sedc", "Exercise Sedc\Exercise Sedc.csproj", "{91368F3B-E544-4BB2-9C79-AB36488978AA}"
EndProject
Global
	GlobalSection(SolutionConfigurationPlatforms) = preSolution
		Debug|Any CPU = Debug|Any CPU
		Release|Any CPU = Release|Any CPU
	EndGlobalSection
	GlobalSection(ProjectConfigurationPlatforms) = postSolution
		{91368F3B-E544-4BB2-9C79-AB36488978AA}.Debug|Any CPU.ActiveCfg = Debug|Any CPU
		{91368F3B-E544-4BB2-9C79-AB36488978AA}.Debug|Any CPU.Build.0 = Debug|Any CPU
		{91368F3B-E544-4BB2-9C79-AB36488978AA}.Release|Any CPU.ActiveCfg = Release|Any CPU
		{91368F3B-E544-4BB2-9C79-AB36488978AA}.Release|Any CPU.Build.0 = Release|Any CPU
	EndGlobalSection
	GlobalSection(SolutionProperties) = preSolution
		HideSolutionNode = FALSE
	EndGlobalSection
	GlobalSection(ExtensibilityGlobals) = postSolution
		SolutionGuid = {20F62673-BA47-4BD7-A440-5252C240819A}
	EndGlobalSection
EndGlobal
