
Microsoft Visual Studio Solution File, Format Version 12.00
# Visual Studio 15
VisualStudioVersion = 15.0.28010.2041
MinimumVisualStudioVersion = 10.0.40219.1
Project("{FAE04EC0-301F-11D3-BF4B-00C04F79EFBC}") = "Exercise 4 SEDC", "Exercise 4 SEDC\Exercise 4 SEDC.csproj", "{7B387854-8423-4FB3-8F81-6A72269CDC4C}"
EndProject
Global
	GlobalSection(SolutionConfigurationPlatforms) = preSolution
		Debug|Any CPU = Debug|Any CPU
		Release|Any CPU = Release|Any CPU
	EndGlobalSection
	GlobalSection(ProjectConfigurationPlatforms) = postSolution
		{7B387854-8423-4FB3-8F81-6A72269CDC4C}.Debug|Any CPU.ActiveCfg = Debug|Any CPU
		{7B387854-8423-4FB3-8F81-6A72269CDC4C}.Debug|Any CPU.Build.0 = Debug|Any CPU
		{7B387854-8423-4FB3-8F81-6A72269CDC4C}.Release|Any CPU.ActiveCfg = Release|Any CPU
		{7B387854-8423-4FB3-8F81-6A72269CDC4C}.Release|Any CPU.Build.0 = Release|Any CPU
	EndGlobalSection
	GlobalSection(SolutionProperties) = preSolution
		HideSolutionNode = FALSE
	EndGlobalSection
	GlobalSection(ExtensibilityGlobals) = postSolution
		SolutionGuid = {B0045478-2A49-495D-A10B-2EFE640BFEF1}
	EndGlobalSection
EndGlobal
