
Microsoft Visual Studio Solution File, Format Version 12.00
# Visual Studio 15
VisualStudioVersion = 15.0.28010.2041
MinimumVisualStudioVersion = 10.0.40219.1
Project("{FAE04EC0-301F-11D3-BF4B-00C04F79EFBC}") = "Exercise 3 SEDC", "Exercise 3 SEDC\Exercise 3 SEDC.csproj", "{F6629A9A-9D0A-4AE7-9FE0-AF713562206F}"
EndProject
Global
	GlobalSection(SolutionConfigurationPlatforms) = preSolution
		Debug|Any CPU = Debug|Any CPU
		Release|Any CPU = Release|Any CPU
	EndGlobalSection
	GlobalSection(ProjectConfigurationPlatforms) = postSolution
		{F6629A9A-9D0A-4AE7-9FE0-AF713562206F}.Debug|Any CPU.ActiveCfg = Debug|Any CPU
		{F6629A9A-9D0A-4AE7-9FE0-AF713562206F}.Debug|Any CPU.Build.0 = Debug|Any CPU
		{F6629A9A-9D0A-4AE7-9FE0-AF713562206F}.Release|Any CPU.ActiveCfg = Release|Any CPU
		{F6629A9A-9D0A-4AE7-9FE0-AF713562206F}.Release|Any CPU.Build.0 = Release|Any CPU
	EndGlobalSection
	GlobalSection(SolutionProperties) = preSolution
		HideSolutionNode = FALSE
	EndGlobalSection
	GlobalSection(ExtensibilityGlobals) = postSolution
		SolutionGuid = {DD096F33-A31D-403E-8246-C223054AD6FD}
	EndGlobalSection
EndGlobal
